
Microsoft Visual Studio Solution File, Format Version 12.00
# Visual Studio Version 16
VisualStudioVersion = 16.0.31321.278
MinimumVisualStudioVersion = 10.0.40219.1
Project("{FAE04EC0-301F-11D3-BF4B-00C04F79EFBC}") = "ContosoConf", "ContosoConf\ContosoConf.csproj", "{8AA50FC9-EEFD-41E1-884B-BED9ED8DD601}"
EndProject
Global
	GlobalSection(SolutionConfigurationPlatforms) = preSolution
		Debug|Any CPU = Debug|Any CPU
		Release|Any CPU = Release|Any CPU
	EndGlobalSection
	GlobalSection(ProjectConfigurationPlatforms) = postSolution
		{8AA50FC9-EEFD-41E1-884B-BED9ED8DD601}.Debug|Any CPU.ActiveCfg = Debug|Any CPU
		{8AA50FC9-EEFD-41E1-884B-BED9ED8DD601}.Debug|Any CPU.Build.0 = Debug|Any CPU
		{8AA50FC9-EEFD-41E1-884B-BED9ED8DD601}.Release|Any CPU.ActiveCfg = Release|Any CPU
		{8AA50FC9-EEFD-41E1-884B-BED9ED8DD601}.Release|Any CPU.Build.0 = Release|Any CPU
	EndGlobalSection
	GlobalSection(SolutionProperties) = preSolution
		HideSolutionNode = FALSE
	EndGlobalSection
	GlobalSection(ExtensibilityGlobals) = postSolution
		SolutionGuid = {C5D28933-2B7C-4F19-BC36-934A62C5D791}
	EndGlobalSection
EndGlobal
